
Microsoft Visual Studio Solution File, Format Version 12.00
# Visual Studio Version 17
VisualStudioVersion = 17.7.34202.233
MinimumVisualStudioVersion = 10.0.40219.1
Project("{FAE04EC0-301F-11D3-BF4B-00C04F79EFBC}") = "StrategyPattern", "StrategyPattern\StrategyPattern.csproj", "{73DADABC-E426-47FB-AEAA-C0FC639DDB30}"
EndProject
Global
	GlobalSection(SolutionConfigurationPlatforms) = preSolution
		Debug|Any CPU = Debug|Any CPU
		Release|Any CPU = Release|Any CPU
	EndGlobalSection
	GlobalSection(ProjectConfigurationPlatforms) = postSolution
		{73DADABC-E426-47FB-AEAA-C0FC639DDB30}.Debug|Any CPU.ActiveCfg = Debug|Any CPU
		{73DADABC-E426-47FB-AEAA-C0FC639DDB30}.Debug|Any CPU.Build.0 = Debug|Any CPU
		{73DADABC-E426-47FB-AEAA-C0FC639DDB30}.Release|Any CPU.ActiveCfg = Release|Any CPU
		{73DADABC-E426-47FB-AEAA-C0FC639DDB30}.Release|Any CPU.Build.0 = Release|Any CPU
	EndGlobalSection
	GlobalSection(SolutionProperties) = preSolution
		HideSolutionNode = FALSE
	EndGlobalSection
	GlobalSection(ExtensibilityGlobals) = postSolution
		SolutionGuid = {ACBB2D8F-515A-450D-958C-53B953263735}
	EndGlobalSection
EndGlobal
